
Microsoft Visual Studio Solution File, Format Version 12.00
# Visual Studio Version 16
VisualStudioVersion = 16.0.29102.190
MinimumVisualStudioVersion = 10.0.40219.1
Project("{FAE04EC0-301F-11D3-BF4B-00C04F79EFBC}") = "SolutionName1.Web", "SolutionName1.Web\SolutionName1.Web.csproj", "{73C48EAE-9A7C-42C2-B846-AA3631E6FF43}"
EndProject
Project("{FAE04EC0-301F-11D3-BF4B-00C04F79EFBC}") = "SolutionName1.Model", "SolutionName1.Model\SolutionName1.Model.csproj", "{EC1E51E6-71C2-483F-829D-AD6C649B2187}"
EndProject
Project("{FAE04EC0-301F-11D3-BF4B-00C04F79EFBC}") = "SolutionName1.DataLayer", "SolutionName1.DataLayer\SolutionName1.DataLayer.csproj", "{D2AB4E79-49CF-4587-A80F-3ABC16D4CC84}"
EndProject
Global
	GlobalSection(SolutionConfigurationPlatforms) = preSolution
		Debug|Any CPU = Debug|Any CPU
		Release|Any CPU = Release|Any CPU
	EndGlobalSection
	GlobalSection(ProjectConfigurationPlatforms) = postSolution
		{73C48EAE-9A7C-42C2-B846-AA3631E6FF43}.Debug|Any CPU.ActiveCfg = Debug|Any CPU
		{73C48EAE-9A7C-42C2-B846-AA3631E6FF43}.Debug|Any CPU.Build.0 = Debug|Any CPU
		{73C48EAE-9A7C-42C2-B846-AA3631E6FF43}.Release|Any CPU.ActiveCfg = Release|Any CPU
		{73C48EAE-9A7C-42C2-B846-AA3631E6FF43}.Release|Any CPU.Build.0 = Release|Any CPU
		{EC1E51E6-71C2-483F-829D-AD6C649B2187}.Debug|Any CPU.ActiveCfg = Debug|Any CPU
		{EC1E51E6-71C2-483F-829D-AD6C649B2187}.Debug|Any CPU.Build.0 = Debug|Any CPU
		{EC1E51E6-71C2-483F-829D-AD6C649B2187}.Release|Any CPU.ActiveCfg = Release|Any CPU
		{EC1E51E6-71C2-483F-829D-AD6C649B2187}.Release|Any CPU.Build.0 = Release|Any CPU
		{D2AB4E79-49CF-4587-A80F-3ABC16D4CC84}.Debug|Any CPU.ActiveCfg = Debug|Any CPU
		{D2AB4E79-49CF-4587-A80F-3ABC16D4CC84}.Debug|Any CPU.Build.0 = Debug|Any CPU
		{D2AB4E79-49CF-4587-A80F-3ABC16D4CC84}.Release|Any CPU.ActiveCfg = Release|Any CPU
		{D2AB4E79-49CF-4587-A80F-3ABC16D4CC84}.Release|Any CPU.Build.0 = Release|Any CPU
	EndGlobalSection
	GlobalSection(SolutionProperties) = preSolution
		HideSolutionNode = FALSE
	EndGlobalSection
	GlobalSection(ExtensibilityGlobals) = postSolution
		SolutionGuid = {D491237E-5AA0-47E4-95CD-7B109504BFC6}
	EndGlobalSection
EndGlobal
